
Microsoft Visual Studio Solution File, Format Version 12.00
# Visual Studio 15
VisualStudioVersion = 15.0.28307.572
MinimumVisualStudioVersion = 10.0.40219.1
Project("{8BC9CEB8-8B4A-11D0-8D11-00A0C91BC942}") = "gmockProject", "gmockProject\gmockProject.vcxproj", "{442366C1-0815-491A-981F-C14CD8A6790A}"
EndProject
Project("{8BC9CEB8-8B4A-11D0-8D11-00A0C91BC942}") = "Sample-Test1", "Sample-Test1\Sample-Test1.vcxproj", "{42D32BC3-F4BA-4B5F-A74D-CE41271C649F}"
EndProject
Global
	GlobalSection(SolutionConfigurationPlatforms) = preSolution
		Debug|x64 = Debug|x64
		Debug|x86 = Debug|x86
		Release|x64 = Release|x64
		Release|x86 = Release|x86
	EndGlobalSection
	GlobalSection(ProjectConfigurationPlatforms) = postSolution
		{442366C1-0815-491A-981F-C14CD8A6790A}.Debug|x64.ActiveCfg = Debug|x64
		{442366C1-0815-491A-981F-C14CD8A6790A}.Debug|x64.Build.0 = Debug|x64
		{442366C1-0815-491A-981F-C14CD8A6790A}.Debug|x86.ActiveCfg = Debug|Win32
		{442366C1-0815-491A-981F-C14CD8A6790A}.Debug|x86.Build.0 = Debug|Win32
		{442366C1-0815-491A-981F-C14CD8A6790A}.Release|x64.ActiveCfg = Release|x64
		{442366C1-0815-491A-981F-C14CD8A6790A}.Release|x64.Build.0 = Release|x64
		{442366C1-0815-491A-981F-C14CD8A6790A}.Release|x86.ActiveCfg = Release|Win32
		{442366C1-0815-491A-981F-C14CD8A6790A}.Release|x86.Build.0 = Release|Win32
		{42D32BC3-F4BA-4B5F-A74D-CE41271C649F}.Debug|x64.ActiveCfg = Debug|x64
		{42D32BC3-F4BA-4B5F-A74D-CE41271C649F}.Debug|x64.Build.0 = Debug|x64
		{42D32BC3-F4BA-4B5F-A74D-CE41271C649F}.Debug|x86.ActiveCfg = Debug|Win32
		{42D32BC3-F4BA-4B5F-A74D-CE41271C649F}.Debug|x86.Build.0 = Debug|Win32
		{42D32BC3-F4BA-4B5F-A74D-CE41271C649F}.Release|x64.ActiveCfg = Release|x64
		{42D32BC3-F4BA-4B5F-A74D-CE41271C649F}.Release|x64.Build.0 = Release|x64
		{42D32BC3-F4BA-4B5F-A74D-CE41271C649F}.Release|x86.ActiveCfg = Release|Win32
		{42D32BC3-F4BA-4B5F-A74D-CE41271C649F}.Release|x86.Build.0 = Release|Win32
	EndGlobalSection
	GlobalSection(SolutionProperties) = preSolution
		HideSolutionNode = FALSE
	EndGlobalSection
	GlobalSection(ExtensibilityGlobals) = postSolution
		SolutionGuid = {E74056D3-4456-4F0C-A496-52A96C5F3146}
	EndGlobalSection
EndGlobal
